
Microsoft Visual Studio Solution File, Format Version 12.00
# Visual Studio Version 17
VisualStudioVersion = 17.14.36109.1 d17.14
MinimumVisualStudioVersion = 10.0.40219.1
Project("{FAE04EC0-301F-11D3-BF4B-00C04F79EFBC}") = "ArreglaMiCiudad", "ArreglaMiCiudad.csproj", "{B5B13972-A0B2-4560-9061-B7FF73E6530F}"
EndProject
Global
	GlobalSection(SolutionConfigurationPlatforms) = preSolution
		Debug|Any CPU = Debug|Any CPU
		Release|Any CPU = Release|Any CPU
	EndGlobalSection
	GlobalSection(ProjectConfigurationPlatforms) = postSolution
		{B5B13972-A0B2-4560-9061-B7FF73E6530F}.Debug|Any CPU.ActiveCfg = Debug|Any CPU
		{B5B13972-A0B2-4560-9061-B7FF73E6530F}.Debug|Any CPU.Build.0 = Debug|Any CPU
		{B5B13972-A0B2-4560-9061-B7FF73E6530F}.Release|Any CPU.ActiveCfg = Release|Any CPU
		{B5B13972-A0B2-4560-9061-B7FF73E6530F}.Release|Any CPU.Build.0 = Release|Any CPU
	EndGlobalSection
	GlobalSection(SolutionProperties) = preSolution
		HideSolutionNode = FALSE
	EndGlobalSection
	GlobalSection(ExtensibilityGlobals) = postSolution
		SolutionGuid = {04186E10-2169-419C-878E-8A6E83E274DB}
	EndGlobalSection
EndGlobal
